
Microsoft Visual Studio Solution File, Format Version 12.00
# Visual Studio 2012
Project("{FAE04EC0-301F-11D3-BF4B-00C04F79EFBC}") = "NAcqt", "NAcqt\NAcqt.csproj", "{327B5E0B-5DA1-4A1D-A0B2-07CF17CF56F6}"
EndProject
Project("{FAE04EC0-301F-11D3-BF4B-00C04F79EFBC}") = "NAcqt.Demo.Tests", "NAcqt.Demo.Tests\NAcqt.Demo.Tests.csproj", "{46145037-E360-430B-9D83-E981FD7D29E8}"
EndProject
Project("{2150E333-8FDC-42A3-9474-1A3956D46DE8}") = "1. Core", "1. Core", "{F95B35E1-7174-4AAA-B402-EF57914CFA22}"
EndProject
Project("{2150E333-8FDC-42A3-9474-1A3956D46DE8}") = "2. Demo", "2. Demo", "{3BF3A6B7-2CFB-4400-8A19-16FE88109542}"
EndProject
Project("{2150E333-8FDC-42A3-9474-1A3956D46DE8}") = "2.1", "2.1", "{5BD61178-6F93-4451-9B4E-C81871CFF879}"
EndProject
Project("{2150E333-8FDC-42A3-9474-1A3956D46DE8}") = "2.2", "2.2", "{F7304434-7DDC-447A-8A13-A490CA8CDF4F}"
EndProject
Project("{FAE04EC0-301F-11D3-BF4B-00C04F79EFBC}") = "NAcqt.Demo", "NAcqt.Demo\NAcqt.Demo.csproj", "{66A79B62-9F3B-4E71-B406-8E4ECD6E6E71}"
EndProject
Global
	GlobalSection(SolutionConfigurationPlatforms) = preSolution
		Debug|Any CPU = Debug|Any CPU
		Release|Any CPU = Release|Any CPU
	EndGlobalSection
	GlobalSection(ProjectConfigurationPlatforms) = postSolution
		{327B5E0B-5DA1-4A1D-A0B2-07CF17CF56F6}.Debug|Any CPU.ActiveCfg = Debug|Any CPU
		{327B5E0B-5DA1-4A1D-A0B2-07CF17CF56F6}.Debug|Any CPU.Build.0 = Debug|Any CPU
		{327B5E0B-5DA1-4A1D-A0B2-07CF17CF56F6}.Release|Any CPU.ActiveCfg = Release|Any CPU
		{327B5E0B-5DA1-4A1D-A0B2-07CF17CF56F6}.Release|Any CPU.Build.0 = Release|Any CPU
		{46145037-E360-430B-9D83-E981FD7D29E8}.Debug|Any CPU.ActiveCfg = Debug|Any CPU
		{46145037-E360-430B-9D83-E981FD7D29E8}.Debug|Any CPU.Build.0 = Debug|Any CPU
		{46145037-E360-430B-9D83-E981FD7D29E8}.Release|Any CPU.ActiveCfg = Release|Any CPU
		{46145037-E360-430B-9D83-E981FD7D29E8}.Release|Any CPU.Build.0 = Release|Any CPU
		{66A79B62-9F3B-4E71-B406-8E4ECD6E6E71}.Debug|Any CPU.ActiveCfg = Debug|Any CPU
		{66A79B62-9F3B-4E71-B406-8E4ECD6E6E71}.Debug|Any CPU.Build.0 = Debug|Any CPU
		{66A79B62-9F3B-4E71-B406-8E4ECD6E6E71}.Release|Any CPU.ActiveCfg = Release|Any CPU
		{66A79B62-9F3B-4E71-B406-8E4ECD6E6E71}.Release|Any CPU.Build.0 = Release|Any CPU
	EndGlobalSection
	GlobalSection(SolutionProperties) = preSolution
		HideSolutionNode = FALSE
	EndGlobalSection
	GlobalSection(NestedProjects) = preSolution
		{327B5E0B-5DA1-4A1D-A0B2-07CF17CF56F6} = {F95B35E1-7174-4AAA-B402-EF57914CFA22}
		{5BD61178-6F93-4451-9B4E-C81871CFF879} = {3BF3A6B7-2CFB-4400-8A19-16FE88109542}
		{F7304434-7DDC-447A-8A13-A490CA8CDF4F} = {3BF3A6B7-2CFB-4400-8A19-16FE88109542}
		{66A79B62-9F3B-4E71-B406-8E4ECD6E6E71} = {5BD61178-6F93-4451-9B4E-C81871CFF879}
		{46145037-E360-430B-9D83-E981FD7D29E8} = {F7304434-7DDC-447A-8A13-A490CA8CDF4F}
	EndGlobalSection
EndGlobal
